
Microsoft Visual Studio Solution File, Format Version 12.00
# Visual Studio Version 17
VisualStudioVersion = 17.6.33815.320
MinimumVisualStudioVersion = 10.0.40219.1
Project("{FAE04EC0-301F-11D3-BF4B-00C04F79EFBC}") = "TesteObraSoft", "TesteObraSoft\TesteObraSoft.csproj", "{005F079B-124B-4F06-BA4D-61720B95C40B}"
EndProject
Global
	GlobalSection(SolutionConfigurationPlatforms) = preSolution
		Debug|Any CPU = Debug|Any CPU
		Release|Any CPU = Release|Any CPU
	EndGlobalSection
	GlobalSection(ProjectConfigurationPlatforms) = postSolution
		{005F079B-124B-4F06-BA4D-61720B95C40B}.Debug|Any CPU.ActiveCfg = Debug|Any CPU
		{005F079B-124B-4F06-BA4D-61720B95C40B}.Debug|Any CPU.Build.0 = Debug|Any CPU
		{005F079B-124B-4F06-BA4D-61720B95C40B}.Release|Any CPU.ActiveCfg = Release|Any CPU
		{005F079B-124B-4F06-BA4D-61720B95C40B}.Release|Any CPU.Build.0 = Release|Any CPU
	EndGlobalSection
	GlobalSection(SolutionProperties) = preSolution
		HideSolutionNode = FALSE
	EndGlobalSection
	GlobalSection(ExtensibilityGlobals) = postSolution
		SolutionGuid = {A47D08BA-292E-4704-B144-3431FB75E613}
	EndGlobalSection
EndGlobal
